
Microsoft Visual Studio Solution File, Format Version 12.00
# Visual Studio 15
VisualStudioVersion = 15.0.27130.2020
MinimumVisualStudioVersion = 10.0.40219.1
Project("{FAE04EC0-301F-11D3-BF4B-00C04F79EFBC}") = "MyOnboardingApp.Api", "src\MyOnboardingApp.Api\MyOnboardingApp.Api.csproj", "{D34DA1D7-8B0F-4D0F-A0E2-5B8D789065A7}"
	ProjectSection(ProjectDependencies) = postProject
		{EDE6E09D-D1D5-42E2-BF49-3B2053E8E8BB} = {EDE6E09D-D1D5-42E2-BF49-3B2053E8E8BB}
	EndProjectSection
EndProject
Project("{FAE04EC0-301F-11D3-BF4B-00C04F79EFBC}") = "MyOnboardingApp.Api.Tests", "test\MyOnboardingApp.Api.Tests\MyOnboardingApp.Api.Tests.csproj", "{9559849D-AF53-4FE4-8424-060F7BDAFA64}"
EndProject
Project("{2150E333-8FDC-42A3-9474-1A3956D46DE8}") = "src", "src", "{26D61547-AD3B-4558-A308-8E8085470281}"
EndProject
Project("{2150E333-8FDC-42A3-9474-1A3956D46DE8}") = "test", "test", "{EB6A548A-AA87-4F46-A7E4-7F696639446D}"
EndProject
Project("{FAE04EC0-301F-11D3-BF4B-00C04F79EFBC}") = "MyOnboardingApp.Contracts", "src\MyOnboardingApp.Contracts\MyOnboardingApp.Contracts.csproj", "{94287D69-6747-474A-B4B8-50BE736EEE6F}"
EndProject
Project("{FAE04EC0-301F-11D3-BF4B-00C04F79EFBC}") = "MyOnboardingApp.Database", "src\MyOnboardingApp.Database\MyOnboardingApp.Database.csproj", "{7AE74B5B-86A4-4FDA-A19B-D406EBFBE72A}"
EndProject
Project("{FAE04EC0-301F-11D3-BF4B-00C04F79EFBC}") = "MyOnboardingApp.ApiServices", "src\MyOnboardingApp.ApiServices\MyOnboardingApp.ApiServices.csproj", "{EDE6E09D-D1D5-42E2-BF49-3B2053E8E8BB}"
EndProject
Project("{FAE04EC0-301F-11D3-BF4B-00C04F79EFBC}") = "MyOnboardingApp.ApiServices.Tests", "test\MyOnboardingApp.ApiServices.Tests\MyOnboardingApp.ApiServices.Tests.csproj", "{1A978F69-9E79-4653-8378-79394648D9B0}"
	ProjectSection(ProjectDependencies) = postProject
		{EDE6E09D-D1D5-42E2-BF49-3B2053E8E8BB} = {EDE6E09D-D1D5-42E2-BF49-3B2053E8E8BB}
	EndProjectSection
EndProject
Project("{FAE04EC0-301F-11D3-BF4B-00C04F79EFBC}") = "MyOnboardingApp.TestUtils", "test\MyOnboardingApp.TestUtils\MyOnboardingApp.TestUtils.csproj", "{162DA514-CFAF-49B0-93EC-9934A261E02B}"
EndProject
Project("{FAE04EC0-301F-11D3-BF4B-00C04F79EFBC}") = "MyOnboardingApp.Services", "src\MyOnboardingApp.Services\MyOnboardingApp.Services.csproj", "{8FB04EDB-E388-46F6-B926-8703C47FCFFE}"
EndProject
Project("{FAE04EC0-301F-11D3-BF4B-00C04F79EFBC}") = "MyOnboardingApp.Services.Tests", "test\MyOnboardingApp.Services.Tests\MyOnboardingApp.Services.Tests.csproj", "{B89559E9-D977-4BC3-BEF7-6A9C04953062}"
EndProject
Global
	GlobalSection(SolutionConfigurationPlatforms) = preSolution
		Debug|Any CPU = Debug|Any CPU
		Release|Any CPU = Release|Any CPU
	EndGlobalSection
	GlobalSection(ProjectConfigurationPlatforms) = postSolution
		{D34DA1D7-8B0F-4D0F-A0E2-5B8D789065A7}.Debug|Any CPU.ActiveCfg = Debug|Any CPU
		{D34DA1D7-8B0F-4D0F-A0E2-5B8D789065A7}.Debug|Any CPU.Build.0 = Debug|Any CPU
		{D34DA1D7-8B0F-4D0F-A0E2-5B8D789065A7}.Release|Any CPU.ActiveCfg = Release|Any CPU
		{D34DA1D7-8B0F-4D0F-A0E2-5B8D789065A7}.Release|Any CPU.Build.0 = Release|Any CPU
		{9559849D-AF53-4FE4-8424-060F7BDAFA64}.Debug|Any CPU.ActiveCfg = Debug|Any CPU
		{9559849D-AF53-4FE4-8424-060F7BDAFA64}.Debug|Any CPU.Build.0 = Debug|Any CPU
		{9559849D-AF53-4FE4-8424-060F7BDAFA64}.Release|Any CPU.ActiveCfg = Release|Any CPU
		{9559849D-AF53-4FE4-8424-060F7BDAFA64}.Release|Any CPU.Build.0 = Release|Any CPU
		{94287D69-6747-474A-B4B8-50BE736EEE6F}.Debug|Any CPU.ActiveCfg = Debug|Any CPU
		{94287D69-6747-474A-B4B8-50BE736EEE6F}.Debug|Any CPU.Build.0 = Debug|Any CPU
		{94287D69-6747-474A-B4B8-50BE736EEE6F}.Release|Any CPU.ActiveCfg = Release|Any CPU
		{94287D69-6747-474A-B4B8-50BE736EEE6F}.Release|Any CPU.Build.0 = Release|Any CPU
		{7AE74B5B-86A4-4FDA-A19B-D406EBFBE72A}.Debug|Any CPU.ActiveCfg = Debug|Any CPU
		{7AE74B5B-86A4-4FDA-A19B-D406EBFBE72A}.Debug|Any CPU.Build.0 = Debug|Any CPU
		{7AE74B5B-86A4-4FDA-A19B-D406EBFBE72A}.Release|Any CPU.ActiveCfg = Release|Any CPU
		{7AE74B5B-86A4-4FDA-A19B-D406EBFBE72A}.Release|Any CPU.Build.0 = Release|Any CPU
		{EDE6E09D-D1D5-42E2-BF49-3B2053E8E8BB}.Debug|Any CPU.ActiveCfg = Debug|Any CPU
		{EDE6E09D-D1D5-42E2-BF49-3B2053E8E8BB}.Debug|Any CPU.Build.0 = Debug|Any CPU
		{EDE6E09D-D1D5-42E2-BF49-3B2053E8E8BB}.Release|Any CPU.ActiveCfg = Release|Any CPU
		{EDE6E09D-D1D5-42E2-BF49-3B2053E8E8BB}.Release|Any CPU.Build.0 = Release|Any CPU
		{1A978F69-9E79-4653-8378-79394648D9B0}.Debug|Any CPU.ActiveCfg = Debug|Any CPU
		{1A978F69-9E79-4653-8378-79394648D9B0}.Debug|Any CPU.Build.0 = Debug|Any CPU
		{1A978F69-9E79-4653-8378-79394648D9B0}.Release|Any CPU.ActiveCfg = Release|Any CPU
		{1A978F69-9E79-4653-8378-79394648D9B0}.Release|Any CPU.Build.0 = Release|Any CPU
		{162DA514-CFAF-49B0-93EC-9934A261E02B}.Debug|Any CPU.ActiveCfg = Debug|Any CPU
		{162DA514-CFAF-49B0-93EC-9934A261E02B}.Debug|Any CPU.Build.0 = Debug|Any CPU
		{162DA514-CFAF-49B0-93EC-9934A261E02B}.Release|Any CPU.ActiveCfg = Release|Any CPU
		{162DA514-CFAF-49B0-93EC-9934A261E02B}.Release|Any CPU.Build.0 = Release|Any CPU
		{8FB04EDB-E388-46F6-B926-8703C47FCFFE}.Debug|Any CPU.ActiveCfg = Debug|Any CPU
		{8FB04EDB-E388-46F6-B926-8703C47FCFFE}.Debug|Any CPU.Build.0 = Debug|Any CPU
		{8FB04EDB-E388-46F6-B926-8703C47FCFFE}.Release|Any CPU.ActiveCfg = Release|Any CPU
		{8FB04EDB-E388-46F6-B926-8703C47FCFFE}.Release|Any CPU.Build.0 = Release|Any CPU
		{B89559E9-D977-4BC3-BEF7-6A9C04953062}.Debug|Any CPU.ActiveCfg = Debug|Any CPU
		{B89559E9-D977-4BC3-BEF7-6A9C04953062}.Debug|Any CPU.Build.0 = Debug|Any CPU
		{B89559E9-D977-4BC3-BEF7-6A9C04953062}.Release|Any CPU.ActiveCfg = Release|Any CPU
		{B89559E9-D977-4BC3-BEF7-6A9C04953062}.Release|Any CPU.Build.0 = Release|Any CPU
	EndGlobalSection
	GlobalSection(SolutionProperties) = preSolution
		HideSolutionNode = FALSE
	EndGlobalSection
	GlobalSection(NestedProjects) = preSolution
		{D34DA1D7-8B0F-4D0F-A0E2-5B8D789065A7} = {26D61547-AD3B-4558-A308-8E8085470281}
		{9559849D-AF53-4FE4-8424-060F7BDAFA64} = {EB6A548A-AA87-4F46-A7E4-7F696639446D}
		{94287D69-6747-474A-B4B8-50BE736EEE6F} = {26D61547-AD3B-4558-A308-8E8085470281}
		{7AE74B5B-86A4-4FDA-A19B-D406EBFBE72A} = {26D61547-AD3B-4558-A308-8E8085470281}
		{EDE6E09D-D1D5-42E2-BF49-3B2053E8E8BB} = {26D61547-AD3B-4558-A308-8E8085470281}
		{1A978F69-9E79-4653-8378-79394648D9B0} = {EB6A548A-AA87-4F46-A7E4-7F696639446D}
		{162DA514-CFAF-49B0-93EC-9934A261E02B} = {EB6A548A-AA87-4F46-A7E4-7F696639446D}
		{8FB04EDB-E388-46F6-B926-8703C47FCFFE} = {26D61547-AD3B-4558-A308-8E8085470281}
		{B89559E9-D977-4BC3-BEF7-6A9C04953062} = {EB6A548A-AA87-4F46-A7E4-7F696639446D}
	EndGlobalSection
	GlobalSection(ExtensibilityGlobals) = postSolution
		SolutionGuid = {54079897-BE8D-4E0C-AB3F-2923612B2927}
	EndGlobalSection
EndGlobal
